
Microsoft Visual Studio Solution File, Format Version 12.00
# Visual Studio Version 17
VisualStudioVersion = 17.0.31903.59
MinimumVisualStudioVersion = 10.0.40219.1
Project("{FAE04EC0-301F-11D3-BF4B-00C04F79EFBC}") = "AudioEnhancer.UI", "AudioEnhancer.UI\AudioEnhancer.UI.csproj", "{F3244E7B-652C-491F-8ACD-CF28054EEF4E}"
EndProject
Project("{FAE04EC0-301F-11D3-BF4B-00C04F79EFBC}") = "AudioEnhancer.Core", "AudioEnhancer.Core\AudioEnhancer.Core.csproj", "{24CB60E1-41DF-450C-8434-AE21A262856F}"
EndProject
Global
	GlobalSection(SolutionConfigurationPlatforms) = preSolution
		Debug|Any CPU = Debug|Any CPU
		Debug|x64 = Debug|x64
		Debug|x86 = Debug|x86
		Release|Any CPU = Release|Any CPU
		Release|x64 = Release|x64
		Release|x86 = Release|x86
	EndGlobalSection
	GlobalSection(ProjectConfigurationPlatforms) = postSolution
		{F3244E7B-652C-491F-8ACD-CF28054EEF4E}.Debug|Any CPU.ActiveCfg = Debug|Any CPU
		{F3244E7B-652C-491F-8ACD-CF28054EEF4E}.Debug|Any CPU.Build.0 = Debug|Any CPU
		{F3244E7B-652C-491F-8ACD-CF28054EEF4E}.Debug|x64.ActiveCfg = Debug|Any CPU
		{F3244E7B-652C-491F-8ACD-CF28054EEF4E}.Debug|x64.Build.0 = Debug|Any CPU
		{F3244E7B-652C-491F-8ACD-CF28054EEF4E}.Debug|x86.ActiveCfg = Debug|Any CPU
		{F3244E7B-652C-491F-8ACD-CF28054EEF4E}.Debug|x86.Build.0 = Debug|Any CPU
		{F3244E7B-652C-491F-8ACD-CF28054EEF4E}.Release|Any CPU.ActiveCfg = Release|Any CPU
		{F3244E7B-652C-491F-8ACD-CF28054EEF4E}.Release|Any CPU.Build.0 = Release|Any CPU
		{F3244E7B-652C-491F-8ACD-CF28054EEF4E}.Release|x64.ActiveCfg = Release|Any CPU
		{F3244E7B-652C-491F-8ACD-CF28054EEF4E}.Release|x64.Build.0 = Release|Any CPU
		{F3244E7B-652C-491F-8ACD-CF28054EEF4E}.Release|x86.ActiveCfg = Release|Any CPU
		{F3244E7B-652C-491F-8ACD-CF28054EEF4E}.Release|x86.Build.0 = Release|Any CPU
		{24CB60E1-41DF-450C-8434-AE21A262856F}.Debug|Any CPU.ActiveCfg = Debug|Any CPU
		{24CB60E1-41DF-450C-8434-AE21A262856F}.Debug|Any CPU.Build.0 = Debug|Any CPU
		{24CB60E1-41DF-450C-8434-AE21A262856F}.Debug|x64.ActiveCfg = Debug|Any CPU
		{24CB60E1-41DF-450C-8434-AE21A262856F}.Debug|x64.Build.0 = Debug|Any CPU
		{24CB60E1-41DF-450C-8434-AE21A262856F}.Debug|x86.ActiveCfg = Debug|Any CPU
		{24CB60E1-41DF-450C-8434-AE21A262856F}.Debug|x86.Build.0 = Debug|Any CPU
		{24CB60E1-41DF-450C-8434-AE21A262856F}.Release|Any CPU.ActiveCfg = Release|Any CPU
		{24CB60E1-41DF-450C-8434-AE21A262856F}.Release|Any CPU.Build.0 = Release|Any CPU
		{24CB60E1-41DF-450C-8434-AE21A262856F}.Release|x64.ActiveCfg = Release|Any CPU
		{24CB60E1-41DF-450C-8434-AE21A262856F}.Release|x64.Build.0 = Release|Any CPU
		{24CB60E1-41DF-450C-8434-AE21A262856F}.Release|x86.ActiveCfg = Release|Any CPU
		{24CB60E1-41DF-450C-8434-AE21A262856F}.Release|x86.Build.0 = Release|Any CPU
	EndGlobalSection
	GlobalSection(SolutionProperties) = preSolution
		HideSolutionNode = FALSE
	EndGlobalSection
EndGlobal
